
Microsoft Visual Studio Solution File, Format Version 12.00
# Visual Studio Version 17
VisualStudioVersion = 17.11.35222.181
MinimumVisualStudioVersion = 10.0.40219.1
Project("{FAE04EC0-301F-11D3-BF4B-00C04F79EFBC}") = "StudentViolationList", "StudentViolationList\StudentViolationList.csproj", "{AA531EFA-DA8F-4943-A194-6E7E5C9769ED}"
EndProject
Global
	GlobalSection(SolutionConfigurationPlatforms) = preSolution
		Debug|Any CPU = Debug|Any CPU
		Release|Any CPU = Release|Any CPU
	EndGlobalSection
	GlobalSection(ProjectConfigurationPlatforms) = postSolution
		{AA531EFA-DA8F-4943-A194-6E7E5C9769ED}.Debug|Any CPU.ActiveCfg = Debug|Any CPU
		{AA531EFA-DA8F-4943-A194-6E7E5C9769ED}.Debug|Any CPU.Build.0 = Debug|Any CPU
		{AA531EFA-DA8F-4943-A194-6E7E5C9769ED}.Release|Any CPU.ActiveCfg = Release|Any CPU
		{AA531EFA-DA8F-4943-A194-6E7E5C9769ED}.Release|Any CPU.Build.0 = Release|Any CPU
	EndGlobalSection
	GlobalSection(SolutionProperties) = preSolution
		HideSolutionNode = FALSE
	EndGlobalSection
	GlobalSection(ExtensibilityGlobals) = postSolution
		SolutionGuid = {375C7123-8E4C-4981-B779-A9FE1AF903D0}
	EndGlobalSection
EndGlobal
