
Microsoft Visual Studio Solution File, Format Version 12.00
# Visual Studio Version 17
VisualStudioVersion = 17.11.35222.181
MinimumVisualStudioVersion = 10.0.40219.1
Project("{FAE04EC0-301F-11D3-BF4B-00C04F79EFBC}") = "StudentViolationReport", "StudentViolationReport.csproj", "{AE22C4A7-6F55-4798-9BB3-8AE75CEC0091}"
EndProject
Project("{FAE04EC0-301F-11D3-BF4B-00C04F79EFBC}") = "DataAccessLibrary", "..\DataAccessLibrary\DataAccessLibrary.csproj", "{A8E30DF6-28A3-4836-A6D7-93B15A0E3A5F}"
EndProject
Project("{FAE04EC0-301F-11D3-BF4B-00C04F79EFBC}") = "CmboxLibrary", "..\CmboxLibrary\CmboxLibrary.csproj", "{12B99162-5CAE-46BD-B985-5D5FAB5CF875}"
EndProject
Global
	GlobalSection(SolutionConfigurationPlatforms) = preSolution
		Debug|Any CPU = Debug|Any CPU
		Release|Any CPU = Release|Any CPU
	EndGlobalSection
	GlobalSection(ProjectConfigurationPlatforms) = postSolution
		{AE22C4A7-6F55-4798-9BB3-8AE75CEC0091}.Debug|Any CPU.ActiveCfg = Debug|Any CPU
		{AE22C4A7-6F55-4798-9BB3-8AE75CEC0091}.Debug|Any CPU.Build.0 = Debug|Any CPU
		{AE22C4A7-6F55-4798-9BB3-8AE75CEC0091}.Release|Any CPU.ActiveCfg = Release|Any CPU
		{AE22C4A7-6F55-4798-9BB3-8AE75CEC0091}.Release|Any CPU.Build.0 = Release|Any CPU
		{A8E30DF6-28A3-4836-A6D7-93B15A0E3A5F}.Debug|Any CPU.ActiveCfg = Debug|Any CPU
		{A8E30DF6-28A3-4836-A6D7-93B15A0E3A5F}.Debug|Any CPU.Build.0 = Debug|Any CPU
		{A8E30DF6-28A3-4836-A6D7-93B15A0E3A5F}.Release|Any CPU.ActiveCfg = Release|Any CPU
		{A8E30DF6-28A3-4836-A6D7-93B15A0E3A5F}.Release|Any CPU.Build.0 = Release|Any CPU
		{12B99162-5CAE-46BD-B985-5D5FAB5CF875}.Debug|Any CPU.ActiveCfg = Debug|Any CPU
		{12B99162-5CAE-46BD-B985-5D5FAB5CF875}.Debug|Any CPU.Build.0 = Debug|Any CPU
		{12B99162-5CAE-46BD-B985-5D5FAB5CF875}.Release|Any CPU.ActiveCfg = Release|Any CPU
		{12B99162-5CAE-46BD-B985-5D5FAB5CF875}.Release|Any CPU.Build.0 = Release|Any CPU
	EndGlobalSection
	GlobalSection(SolutionProperties) = preSolution
		HideSolutionNode = FALSE
	EndGlobalSection
	GlobalSection(ExtensibilityGlobals) = postSolution
		SolutionGuid = {73318CF0-90A7-4ED4-BEE3-D49B9FFB9A32}
	EndGlobalSection
EndGlobal
